
Microsoft Visual Studio Solution File, Format Version 12.00
# Visual Studio Version 17
VisualStudioVersion = 17.14.36202.13
MinimumVisualStudioVersion = 10.0.40219.1
Project("{FAE04EC0-301F-11D3-BF4B-00C04F79EFBC}") = "Docsy.API", "Docsy.API\Docsy.API.csproj", "{B73BB094-540D-43B3-901D-821AFE883D79}"
EndProject
Project("{2150E333-8FDC-42A3-9474-1A3956D46DE8}") = "src", "src", "{02EA681E-C7D8-13C7-8484-4AC65E1B71E8}"
EndProject
Project("{FAE04EC0-301F-11D3-BF4B-00C04F79EFBC}") = "Docsy.Infrastructure", "Docsy.Infrastructure\Docsy.Infrastructure.csproj", "{59C4F8CF-4299-4C76-A3E8-CAC336B5FEBE}"
EndProject
Project("{FAE04EC0-301F-11D3-BF4B-00C04F79EFBC}") = "Docsy.Persistence", "Docsy.Persistence\Docsy.Persistence.csproj", "{5A39BE83-4F49-4948-BCBA-B71C6F19F7BE}"
EndProject
Project("{2150E333-8FDC-42A3-9474-1A3956D46DE8}") = "tests", "tests", "{F90A8018-0A0B-4F1A-AE35-F38A97DEE28F}"
EndProject
Global
	GlobalSection(SolutionConfigurationPlatforms) = preSolution
		Debug|Any CPU = Debug|Any CPU
		Release|Any CPU = Release|Any CPU
	EndGlobalSection
	GlobalSection(ProjectConfigurationPlatforms) = postSolution
		{B73BB094-540D-43B3-901D-821AFE883D79}.Debug|Any CPU.ActiveCfg = Debug|Any CPU
		{B73BB094-540D-43B3-901D-821AFE883D79}.Debug|Any CPU.Build.0 = Debug|Any CPU
		{B73BB094-540D-43B3-901D-821AFE883D79}.Release|Any CPU.ActiveCfg = Release|Any CPU
		{B73BB094-540D-43B3-901D-821AFE883D79}.Release|Any CPU.Build.0 = Release|Any CPU
		{59C4F8CF-4299-4C76-A3E8-CAC336B5FEBE}.Debug|Any CPU.ActiveCfg = Debug|Any CPU
		{59C4F8CF-4299-4C76-A3E8-CAC336B5FEBE}.Debug|Any CPU.Build.0 = Debug|Any CPU
		{59C4F8CF-4299-4C76-A3E8-CAC336B5FEBE}.Release|Any CPU.ActiveCfg = Release|Any CPU
		{59C4F8CF-4299-4C76-A3E8-CAC336B5FEBE}.Release|Any CPU.Build.0 = Release|Any CPU
		{5A39BE83-4F49-4948-BCBA-B71C6F19F7BE}.Debug|Any CPU.ActiveCfg = Debug|Any CPU
		{5A39BE83-4F49-4948-BCBA-B71C6F19F7BE}.Debug|Any CPU.Build.0 = Debug|Any CPU
		{5A39BE83-4F49-4948-BCBA-B71C6F19F7BE}.Release|Any CPU.ActiveCfg = Release|Any CPU
		{5A39BE83-4F49-4948-BCBA-B71C6F19F7BE}.Release|Any CPU.Build.0 = Release|Any CPU
	EndGlobalSection
	GlobalSection(SolutionProperties) = preSolution
		HideSolutionNode = FALSE
	EndGlobalSection
	GlobalSection(NestedProjects) = preSolution
		{B73BB094-540D-43B3-901D-821AFE883D79} = {02EA681E-C7D8-13C7-8484-4AC65E1B71E8}
		{59C4F8CF-4299-4C76-A3E8-CAC336B5FEBE} = {02EA681E-C7D8-13C7-8484-4AC65E1B71E8}
		{5A39BE83-4F49-4948-BCBA-B71C6F19F7BE} = {02EA681E-C7D8-13C7-8484-4AC65E1B71E8}
	EndGlobalSection
	GlobalSection(ExtensibilityGlobals) = postSolution
		SolutionGuid = {691EDD6B-1193-4A64-8A69-AE165253C8F6}
	EndGlobalSection
EndGlobal
